
Microsoft Visual Studio Solution File, Format Version 12.00
# Visual Studio Version 17
VisualStudioVersion = 17.7.34221.43
MinimumVisualStudioVersion = 10.0.40219.1
Project("{FAE04EC0-301F-11D3-BF4B-00C04F79EFBC}") = "HamburgerciMVC.DATA", "HamburgerciMVC.DATA\HamburgerciMVC.DATA.csproj", "{22414077-63BA-41DE-B6A4-EC949C0DAF38}"
EndProject
Project("{FAE04EC0-301F-11D3-BF4B-00C04F79EFBC}") = "HamburgerciMVC.REPO", "HamburgerciMVC.REPO\HamburgerciMVC.REPO.csproj", "{F3130253-DFDE-47F0-BADB-5A1E27AD8200}"
EndProject
Global
	GlobalSection(SolutionConfigurationPlatforms) = preSolution
		Debug|Any CPU = Debug|Any CPU
		Release|Any CPU = Release|Any CPU
	EndGlobalSection
	GlobalSection(ProjectConfigurationPlatforms) = postSolution
		{22414077-63BA-41DE-B6A4-EC949C0DAF38}.Debug|Any CPU.ActiveCfg = Debug|Any CPU
		{22414077-63BA-41DE-B6A4-EC949C0DAF38}.Debug|Any CPU.Build.0 = Debug|Any CPU
		{22414077-63BA-41DE-B6A4-EC949C0DAF38}.Release|Any CPU.ActiveCfg = Release|Any CPU
		{22414077-63BA-41DE-B6A4-EC949C0DAF38}.Release|Any CPU.Build.0 = Release|Any CPU
		{F3130253-DFDE-47F0-BADB-5A1E27AD8200}.Debug|Any CPU.ActiveCfg = Debug|Any CPU
		{F3130253-DFDE-47F0-BADB-5A1E27AD8200}.Debug|Any CPU.Build.0 = Debug|Any CPU
		{F3130253-DFDE-47F0-BADB-5A1E27AD8200}.Release|Any CPU.ActiveCfg = Release|Any CPU
		{F3130253-DFDE-47F0-BADB-5A1E27AD8200}.Release|Any CPU.Build.0 = Release|Any CPU
	EndGlobalSection
	GlobalSection(SolutionProperties) = preSolution
		HideSolutionNode = FALSE
	EndGlobalSection
	GlobalSection(ExtensibilityGlobals) = postSolution
		SolutionGuid = {4DD3FD96-1605-453D-9566-A0A84F52D1FB}
	EndGlobalSection
EndGlobal
